
Microsoft Visual Studio Solution File, Format Version 12.00
# Visual Studio Version 16
VisualStudioVersion = 16.0.29509.3
MinimumVisualStudioVersion = 10.0.40219.1
Project("{9A19103F-16F7-4668-BE54-9A1E7A4F7556}") = "ConsoleApp", "ConsoleApp\ConsoleApp.csproj", "{3CE1AF9E-E966-427D-84BA-53D4E711FDF0}"
EndProject
Project("{9A19103F-16F7-4668-BE54-9A1E7A4F7556}") = "PathSearching", "PathSearching\PathSearching.csproj", "{81CD5DFE-89D5-48B8-90A8-B6F070726C9F}"
EndProject
Project("{FAE04EC0-301F-11D3-BF4B-00C04F79EFBC}") = "Algorithms", "Algorithms\Algorithms.csproj", "{DDCC0AB8-E519-40B9-9736-110CA11BC31F}"
EndProject
Global
	GlobalSection(SolutionConfigurationPlatforms) = preSolution
		Debug|Any CPU = Debug|Any CPU
		Release|Any CPU = Release|Any CPU
	EndGlobalSection
	GlobalSection(ProjectConfigurationPlatforms) = postSolution
		{3CE1AF9E-E966-427D-84BA-53D4E711FDF0}.Debug|Any CPU.ActiveCfg = Debug|Any CPU
		{3CE1AF9E-E966-427D-84BA-53D4E711FDF0}.Debug|Any CPU.Build.0 = Debug|Any CPU
		{3CE1AF9E-E966-427D-84BA-53D4E711FDF0}.Release|Any CPU.ActiveCfg = Release|Any CPU
		{3CE1AF9E-E966-427D-84BA-53D4E711FDF0}.Release|Any CPU.Build.0 = Release|Any CPU
		{81CD5DFE-89D5-48B8-90A8-B6F070726C9F}.Debug|Any CPU.ActiveCfg = Debug|Any CPU
		{81CD5DFE-89D5-48B8-90A8-B6F070726C9F}.Debug|Any CPU.Build.0 = Debug|Any CPU
		{81CD5DFE-89D5-48B8-90A8-B6F070726C9F}.Release|Any CPU.ActiveCfg = Release|Any CPU
		{81CD5DFE-89D5-48B8-90A8-B6F070726C9F}.Release|Any CPU.Build.0 = Release|Any CPU
		{DDCC0AB8-E519-40B9-9736-110CA11BC31F}.Debug|Any CPU.ActiveCfg = Debug|Any CPU
		{DDCC0AB8-E519-40B9-9736-110CA11BC31F}.Debug|Any CPU.Build.0 = Debug|Any CPU
		{DDCC0AB8-E519-40B9-9736-110CA11BC31F}.Release|Any CPU.ActiveCfg = Release|Any CPU
		{DDCC0AB8-E519-40B9-9736-110CA11BC31F}.Release|Any CPU.Build.0 = Release|Any CPU
	EndGlobalSection
	GlobalSection(SolutionProperties) = preSolution
		HideSolutionNode = FALSE
	EndGlobalSection
	GlobalSection(ExtensibilityGlobals) = postSolution
		SolutionGuid = {4B64BCCF-40C9-4DDE-935E-9F4C28A1952B}
	EndGlobalSection
EndGlobal
